
Microsoft Visual Studio Solution File, Format Version 12.00
# Visual Studio Version 17
VisualStudioVersion = 17.10.35027.167
MinimumVisualStudioVersion = 10.0.40219.1
Project("{FAE04EC0-301F-11D3-BF4B-00C04F79EFBC}") = "InventorySystem", "InventorySystem\InventorySystem.csproj", "{74D45021-2845-497B-A05D-2B7A5559CC22}"
EndProject
Global
	GlobalSection(SolutionConfigurationPlatforms) = preSolution
		Debug|Any CPU = Debug|Any CPU
		Release|Any CPU = Release|Any CPU
	EndGlobalSection
	GlobalSection(ProjectConfigurationPlatforms) = postSolution
		{74D45021-2845-497B-A05D-2B7A5559CC22}.Debug|Any CPU.ActiveCfg = Debug|Any CPU
		{74D45021-2845-497B-A05D-2B7A5559CC22}.Debug|Any CPU.Build.0 = Debug|Any CPU
		{74D45021-2845-497B-A05D-2B7A5559CC22}.Release|Any CPU.ActiveCfg = Release|Any CPU
		{74D45021-2845-497B-A05D-2B7A5559CC22}.Release|Any CPU.Build.0 = Release|Any CPU
	EndGlobalSection
	GlobalSection(SolutionProperties) = preSolution
		HideSolutionNode = FALSE
	EndGlobalSection
	GlobalSection(ExtensibilityGlobals) = postSolution
		SolutionGuid = {61D79DCE-DE6B-4CD5-A046-31560BBBCA13}
	EndGlobalSection
EndGlobal
